{
  "name": "appolo-graphql-datasource",
  "version": "0.4.5",
  "lockfileVersion": 2,
  "requires": true,
  "packages": {
    "": {
      "name": "appolo-graphql-datasource",
      "version": "0.4.5",
      "license": "ISC",
      "dependencies": {
        "apollo-datasource": "^3.2.0",
        "apollo-server-errors": "^3.1.0",
        "axios": "^0.24.0",
        "graphql": "^15.7.2",
        "graphql-parse-resolve-info": "^4.12.0",
        "graphql-tag": "^2.12.5",
        "json-to-graphql-query": "^2.1.0",
        "lodash": "^4.17.21"
      }
    },
    "node_modules/apollo-datasource": {
      "version": "3.2.0",
      "resolved": "https://registry.npmjs.org/apollo-datasource/-/apollo-datasource-3.2.0.tgz",
      "integrity": "sha512-2PK+p6dRFuQQM8F4JbBivGetnJxvb8ggQkY7XLeCSl4qVkBeBjX+mRtsiudk28NUTH3JEll7AgmKj2fHfxYpGQ==",
      "license": "MIT",
      "dependencies": {
        "apollo-server-caching": "^3.2.0",
        "apollo-server-env": "^4.1.0"
      },
      "engines": {
        "node": ">=12.0"
      }
    },
    "node_modules/apollo-server-caching": {
      "version": "3.2.0",
      "resolved": "https://registry.npmjs.org/apollo-server-caching/-/apollo-server-caching-3.2.0.tgz",
      "integrity": "sha512-kR92WjoQVe1Z/EXyh365w6Vz8egkRCKmd3mE7KJvKgk+f0+AGO1LPPrez5IhbCXxAgChqzpHhq2FIyfOqEuLFQ==",
      "dependencies": {
        "lru-cache": "^6.0.0"
      },
      "engines": {
        "node": ">=12.0"
      }
    },
    "node_modules/apollo-server-env": {
      "version": "4.1.0",
      "resolved": "https://registry.npmjs.org/apollo-server-env/-/apollo-server-env-4.1.0.tgz",
      "integrity": "sha512-pJIqIN7UXYDHcNY/IRi7H9AvdV+aHi96gv/nPmnLsP/LbWMJvMuQY3jQ2obW0P+rO3bx05oYHLsVjwHHaXlEQA==",
      "dependencies": {
        "node-fetch": "^2.6.1"
      },
      "engines": {
        "node": ">=12.0"
      }
    },
    "node_modules/apollo-server-errors": {
      "version": "3.2.0",
      "resolved": "https://registry.npmjs.org/apollo-server-errors/-/apollo-server-errors-3.2.0.tgz",
      "integrity": "sha512-Y7YH3JVAaR1199ao4dae3j1UrF9D/6AJwHpsORTjI3BvrwjU1X7Nk1VvEHn9bZfZF6ONaqUM+uCLm5c8GPhffQ==",
      "engines": {
        "node": ">=12.0"
      },
      "peerDependencies": {
        "graphql": "^15.3.0"
      }
    },
    "node_modules/axios": {
      "version": "0.24.0",
      "resolved": "https://registry.npmjs.org/axios/-/axios-0.24.0.tgz",
      "integrity": "sha512-Q6cWsys88HoPgAaFAVUb0WpPk0O8iTeisR9IMqy9G8AbO4NlpVknrnQS03zzF9PGAWgO3cgletO3VjV/P7VztA==",
      "dependencies": {
        "follow-redirects": "^1.14.4"
      }
    },
    "node_modules/debug": {
      "version": "4.3.2",
      "resolved": "https://registry.npmjs.org/debug/-/debug-4.3.2.tgz",
      "integrity": "sha512-mOp8wKcvj7XxC78zLgw/ZA+6TSgkoE2C/ienthhRD298T7UNwAg9diBpLRxC0mOezLl4B0xV7M0cCO6P/O0Xhw==",
      "dependencies": {
        "ms": "2.1.2"
      },
      "engines": {
        "node": ">=6.0"
      },
      "peerDependenciesMeta": {
        "supports-color": {
          "optional": true
        }
      }
    },
    "node_modules/follow-redirects": {
      "version": "1.14.5",
      "resolved": "https://registry.npmjs.org/follow-redirects/-/follow-redirects-1.14.5.tgz",
      "integrity": "sha512-wtphSXy7d4/OR+MvIFbCVBDzZ5520qV8XfPklSN5QtxuMUJZ+b0Wnst1e1lCDocfzuCkHqj8k0FpZqO+UIaKNA==",
      "funding": [
        {
          "type": "individual",
          "url": "https://github.com/sponsors/RubenVerborgh"
        }
      ],
      "engines": {
        "node": ">=4.0"
      },
      "peerDependenciesMeta": {
        "debug": {
          "optional": true
        }
      }
    },
    "node_modules/graphql": {
      "version": "15.7.2",
      "resolved": "https://registry.npmjs.org/graphql/-/graphql-15.7.2.tgz",
      "integrity": "sha512-AnnKk7hFQFmU/2I9YSQf3xw44ctnSFCfp3zE0N6W174gqe9fWG/2rKaKxROK7CcI3XtERpjEKFqts8o319Kf7A==",
      "license": "MIT",
      "engines": {
        "node": ">= 10.x"
      }
    },
    "node_modules/graphql-parse-resolve-info": {
      "version": "4.12.0",
      "resolved": "https://registry.npmjs.org/graphql-parse-resolve-info/-/graphql-parse-resolve-info-4.12.0.tgz",
      "integrity": "sha512-sQyJeWCzFQwLj8SdgrWeAQG46Nc+VLxof91/AtvEVdbvFCvb+S6OoA4OtIp5OpWBrFo+JzW6LIKifNHXtRKPpA==",
      "dependencies": {
        "debug": "^4.1.1",
        "tslib": "^2.0.1"
      },
      "engines": {
        "node": ">=8.6"
      },
      "peerDependencies": {
        "graphql": ">=0.9 <0.14 || ^14.0.2 || ^15.4.0"
      }
    },
    "node_modules/graphql-tag": {
      "version": "2.12.5",
      "resolved": "https://registry.npmjs.org/graphql-tag/-/graphql-tag-2.12.5.tgz",
      "integrity": "sha512-5xNhP4063d16Pz3HBtKprutsPrmHZi5IdUGOWRxA2B6VF7BIRGOHZ5WQvDmJXZuPcBg7rYwaFxvQYjqkSdR3TQ==",
      "dependencies": {
        "tslib": "^2.1.0"
      },
      "engines": {
        "node": ">=10"
      },
      "peerDependencies": {
        "graphql": "^0.9.0 || ^0.10.0 || ^0.11.0 || ^0.12.0 || ^0.13.0 || ^14.0.0 || ^15.0.0"
      }
    },
    "node_modules/json-to-graphql-query": {
      "version": "2.1.0",
      "resolved": "https://registry.npmjs.org/json-to-graphql-query/-/json-to-graphql-query-2.1.0.tgz",
      "integrity": "sha512-8BJP4Zx27jII6uyMfWRfnEKIP93GE9C+yolsoRKZ1nOT6HhQjaYcOzVvrqePAWog32+C62nF/N82c89YUEHLMQ=="
    },
    "node_modules/lodash": {
      "version": "4.17.21",
      "resolved": "https://registry.npmjs.org/lodash/-/lodash-4.17.21.tgz",
      "integrity": "sha512-v2kDEe57lecTulaDIuNTPy3Ry4gLGJ6Z1O3vE1krgXZNrsQ+LFTGHVxVjcXPs17LhbZVGedAJv8XZ1tvj5FvSg=="
    },
    "node_modules/lru-cache": {
      "version": "6.0.0",
      "resolved": "https://registry.npmjs.org/lru-cache/-/lru-cache-6.0.0.tgz",
      "integrity": "sha512-Jo6dJ04CmSjuznwJSS3pUeWmd/H0ffTlkXXgwZi+eq1UCmqQwCh+eLsYOYCwY991i2Fah4h1BEMCx4qThGbsiA==",
      "dependencies": {
        "yallist": "^4.0.0"
      },
      "engines": {
        "node": ">=10"
      }
    },
    "node_modules/ms": {
      "version": "2.1.2",
      "resolved": "https://registry.npmjs.org/ms/-/ms-2.1.2.tgz",
      "integrity": "sha512-sGkPx+VjMtmA6MX27oA4FBFELFCZZ4S4XqeGOXCv68tT+jb3vk/RyaKWP0PTKyWtmLSM0b+adUTEvbs1PEaH2w=="
    },
    "node_modules/node-fetch": {
      "version": "2.6.6",
      "resolved": "https://registry.npmjs.org/node-fetch/-/node-fetch-2.6.6.tgz",
      "integrity": "sha512-Z8/6vRlTUChSdIgMa51jxQ4lrw/Jy5SOW10ObaA47/RElsAN2c5Pn8bTgFGWn/ibwzXTE8qwr1Yzx28vsecXEA==",
      "dependencies": {
        "whatwg-url": "^5.0.0"
      },
      "engines": {
        "node": "4.x || >=6.0.0"
      }
    },
    "node_modules/tr46": {
      "version": "0.0.3",
      "resolved": "https://registry.npmjs.org/tr46/-/tr46-0.0.3.tgz",
      "integrity": "sha1-gYT9NH2snNwYWZLzpmIuFLnZq2o="
    },
    "node_modules/tslib": {
      "version": "2.3.1",
      "resolved": "https://registry.npmjs.org/tslib/-/tslib-2.3.1.tgz",
      "integrity": "sha512-77EbyPPpMz+FRFRuAFlWMtmgUWGe9UOG2Z25NqCwiIjRhOf5iKGuzSe5P2w1laq+FkRy4p+PCuVkJSGkzTEKVw=="
    },
    "node_modules/webidl-conversions": {
      "version": "3.0.1",
      "resolved": "https://registry.npmjs.org/webidl-conversions/-/webidl-conversions-3.0.1.tgz",
      "integrity": "sha1-JFNCdeKnvGvnvIZhHMFq4KVlSHE="
    },
    "node_modules/whatwg-url": {
      "version": "5.0.0",
      "resolved": "https://registry.npmjs.org/whatwg-url/-/whatwg-url-5.0.0.tgz",
      "integrity": "sha1-lmRU6HZUYuN2RNNib2dCzotwll0=",
      "dependencies": {
        "tr46": "~0.0.3",
        "webidl-conversions": "^3.0.0"
      }
    },
    "node_modules/yallist": {
      "version": "4.0.0",
      "resolved": "https://registry.npmjs.org/yallist/-/yallist-4.0.0.tgz",
      "integrity": "sha512-3wdGidZyq5PB084XLES5TpOSRA3wjXAlIWMhum2kRcv/41Sn2emQ0dycQW4uZXLejwKvg6EsvbdlVL+FYEct7A=="
    }
  },
  "dependencies": {
    "apollo-datasource": {
      "version": "3.2.0",
      "resolved": "https://registry.npmjs.org/apollo-datasource/-/apollo-datasource-3.2.0.tgz",
      "integrity": "sha512-2PK+p6dRFuQQM8F4JbBivGetnJxvb8ggQkY7XLeCSl4qVkBeBjX+mRtsiudk28NUTH3JEll7AgmKj2fHfxYpGQ==",
      "requires": {
        "apollo-server-caching": "^3.2.0",
        "apollo-server-env": "^4.1.0"
      }
    },
    "apollo-server-caching": {
      "version": "3.2.0",
      "resolved": "https://registry.npmjs.org/apollo-server-caching/-/apollo-server-caching-3.2.0.tgz",
      "integrity": "sha512-kR92WjoQVe1Z/EXyh365w6Vz8egkRCKmd3mE7KJvKgk+f0+AGO1LPPrez5IhbCXxAgChqzpHhq2FIyfOqEuLFQ==",
      "requires": {
        "lru-cache": "^6.0.0"
      }
    },
    "apollo-server-env": {
      "version": "4.1.0",
      "resolved": "https://registry.npmjs.org/apollo-server-env/-/apollo-server-env-4.1.0.tgz",
      "integrity": "sha512-pJIqIN7UXYDHcNY/IRi7H9AvdV+aHi96gv/nPmnLsP/LbWMJvMuQY3jQ2obW0P+rO3bx05oYHLsVjwHHaXlEQA==",
      "requires": {
        "node-fetch": "^2.6.1"
      }
    },
    "apollo-server-errors": {
      "version": "3.2.0",
      "resolved": "https://registry.npmjs.org/apollo-server-errors/-/apollo-server-errors-3.2.0.tgz",
      "integrity": "sha512-Y7YH3JVAaR1199ao4dae3j1UrF9D/6AJwHpsORTjI3BvrwjU1X7Nk1VvEHn9bZfZF6ONaqUM+uCLm5c8GPhffQ==",
      "requires": {}
    },
    "axios": {
      "version": "0.24.0",
      "resolved": "https://registry.npmjs.org/axios/-/axios-0.24.0.tgz",
      "integrity": "sha512-Q6cWsys88HoPgAaFAVUb0WpPk0O8iTeisR9IMqy9G8AbO4NlpVknrnQS03zzF9PGAWgO3cgletO3VjV/P7VztA==",
      "requires": {
        "follow-redirects": "^1.14.4"
      }
    },
    "debug": {
      "version": "4.3.2",
      "resolved": "https://registry.npmjs.org/debug/-/debug-4.3.2.tgz",
      "integrity": "sha512-mOp8wKcvj7XxC78zLgw/ZA+6TSgkoE2C/ienthhRD298T7UNwAg9diBpLRxC0mOezLl4B0xV7M0cCO6P/O0Xhw==",
      "requires": {
        "ms": "2.1.2"
      }
    },
    "follow-redirects": {
      "version": "1.14.5",
      "resolved": "https://registry.npmjs.org/follow-redirects/-/follow-redirects-1.14.5.tgz",
      "integrity": "sha512-wtphSXy7d4/OR+MvIFbCVBDzZ5520qV8XfPklSN5QtxuMUJZ+b0Wnst1e1lCDocfzuCkHqj8k0FpZqO+UIaKNA=="
    },
    "graphql": {
      "version": "15.7.2",
      "resolved": "https://registry.npmjs.org/graphql/-/graphql-15.7.2.tgz",
      "integrity": "sha512-AnnKk7hFQFmU/2I9YSQf3xw44ctnSFCfp3zE0N6W174gqe9fWG/2rKaKxROK7CcI3XtERpjEKFqts8o319Kf7A=="
    },
    "graphql-parse-resolve-info": {
      "version": "4.12.0",
      "resolved": "https://registry.npmjs.org/graphql-parse-resolve-info/-/graphql-parse-resolve-info-4.12.0.tgz",
      "integrity": "sha512-sQyJeWCzFQwLj8SdgrWeAQG46Nc+VLxof91/AtvEVdbvFCvb+S6OoA4OtIp5OpWBrFo+JzW6LIKifNHXtRKPpA==",
      "requires": {
        "debug": "^4.1.1",
        "tslib": "^2.0.1"
      }
    },
    "graphql-tag": {
      "version": "2.12.5",
      "resolved": "https://registry.npmjs.org/graphql-tag/-/graphql-tag-2.12.5.tgz",
      "integrity": "sha512-5xNhP4063d16Pz3HBtKprutsPrmHZi5IdUGOWRxA2B6VF7BIRGOHZ5WQvDmJXZuPcBg7rYwaFxvQYjqkSdR3TQ==",
      "requires": {
        "tslib": "^2.1.0"
      }
    },
    "json-to-graphql-query": {
      "version": "2.1.0",
      "resolved": "https://registry.npmjs.org/json-to-graphql-query/-/json-to-graphql-query-2.1.0.tgz",
      "integrity": "sha512-8BJP4Zx27jII6uyMfWRfnEKIP93GE9C+yolsoRKZ1nOT6HhQjaYcOzVvrqePAWog32+C62nF/N82c89YUEHLMQ=="
    },
    "lodash": {
      "version": "4.17.21",
      "resolved": "https://registry.npmjs.org/lodash/-/lodash-4.17.21.tgz",
      "integrity": "sha512-v2kDEe57lecTulaDIuNTPy3Ry4gLGJ6Z1O3vE1krgXZNrsQ+LFTGHVxVjcXPs17LhbZVGedAJv8XZ1tvj5FvSg=="
    },
    "lru-cache": {
      "version": "6.0.0",
      "resolved": "https://registry.npmjs.org/lru-cache/-/lru-cache-6.0.0.tgz",
      "integrity": "sha512-Jo6dJ04CmSjuznwJSS3pUeWmd/H0ffTlkXXgwZi+eq1UCmqQwCh+eLsYOYCwY991i2Fah4h1BEMCx4qThGbsiA==",
      "requires": {
        "yallist": "^4.0.0"
      }
    },
    "ms": {
      "version": "2.1.2",
      "resolved": "https://registry.npmjs.org/ms/-/ms-2.1.2.tgz",
      "integrity": "sha512-sGkPx+VjMtmA6MX27oA4FBFELFCZZ4S4XqeGOXCv68tT+jb3vk/RyaKWP0PTKyWtmLSM0b+adUTEvbs1PEaH2w=="
    },
    "node-fetch": {
      "version": "2.6.6",
      "resolved": "https://registry.npmjs.org/node-fetch/-/node-fetch-2.6.6.tgz",
      "integrity": "sha512-Z8/6vRlTUChSdIgMa51jxQ4lrw/Jy5SOW10ObaA47/RElsAN2c5Pn8bTgFGWn/ibwzXTE8qwr1Yzx28vsecXEA==",
      "requires": {
        "whatwg-url": "^5.0.0"
      }
    },
    "tr46": {
      "version": "0.0.3",
      "resolved": "https://registry.npmjs.org/tr46/-/tr46-0.0.3.tgz",
      "integrity": "sha1-gYT9NH2snNwYWZLzpmIuFLnZq2o="
    },
    "tslib": {
      "version": "2.3.1",
      "resolved": "https://registry.npmjs.org/tslib/-/tslib-2.3.1.tgz",
      "integrity": "sha512-77EbyPPpMz+FRFRuAFlWMtmgUWGe9UOG2Z25NqCwiIjRhOf5iKGuzSe5P2w1laq+FkRy4p+PCuVkJSGkzTEKVw=="
    },
    "webidl-conversions": {
      "version": "3.0.1",
      "resolved": "https://registry.npmjs.org/webidl-conversions/-/webidl-conversions-3.0.1.tgz",
      "integrity": "sha1-JFNCdeKnvGvnvIZhHMFq4KVlSHE="
    },
    "whatwg-url": {
      "version": "5.0.0",
      "resolved": "https://registry.npmjs.org/whatwg-url/-/whatwg-url-5.0.0.tgz",
      "integrity": "sha1-lmRU6HZUYuN2RNNib2dCzotwll0=",
      "requires": {
        "tr46": "~0.0.3",
        "webidl-conversions": "^3.0.0"
      }
    },
    "yallist": {
      "version": "4.0.0",
      "resolved": "https://registry.npmjs.org/yallist/-/yallist-4.0.0.tgz",
      "integrity": "sha512-3wdGidZyq5PB084XLES5TpOSRA3wjXAlIWMhum2kRcv/41Sn2emQ0dycQW4uZXLejwKvg6EsvbdlVL+FYEct7A=="
    }
  }
}
